
Microsoft Visual Studio Solution File, Format Version 12.00
# Visual Studio Version 17
VisualStudioVersion = 17.5.002.0
MinimumVisualStudioVersion = 10.0.40219.1
Project("{9A19103F-16F7-4668-BE54-9A1E7A4F7556}") = "Prueba_2", "Prueba_2\Prueba_2.csproj", "{2282BE32-00A7-4FB3-9CBB-8E6F16BE31DE}"
EndProject
Global
	GlobalSection(SolutionConfigurationPlatforms) = preSolution
		Debug|Any CPU = Debug|Any CPU
		Release|Any CPU = Release|Any CPU
	EndGlobalSection
	GlobalSection(ProjectConfigurationPlatforms) = postSolution
		{2282BE32-00A7-4FB3-9CBB-8E6F16BE31DE}.Debug|Any CPU.ActiveCfg = Debug|Any CPU
		{2282BE32-00A7-4FB3-9CBB-8E6F16BE31DE}.Debug|Any CPU.Build.0 = Debug|Any CPU
		{2282BE32-00A7-4FB3-9CBB-8E6F16BE31DE}.Release|Any CPU.ActiveCfg = Release|Any CPU
		{2282BE32-00A7-4FB3-9CBB-8E6F16BE31DE}.Release|Any CPU.Build.0 = Release|Any CPU
	EndGlobalSection
	GlobalSection(SolutionProperties) = preSolution
		HideSolutionNode = FALSE
	EndGlobalSection
	GlobalSection(ExtensibilityGlobals) = postSolution
		SolutionGuid = {BAC7597C-6B3B-467C-BB32-5E23A530E871}
	EndGlobalSection
EndGlobal
